
Microsoft Visual Studio Solution File, Format Version 9.00
# Visual Studio 2005
Project("{8BC9CEB8-8B4A-11D0-8D11-00A0C91BC942}") = "sllib", "sllib\sllib.vcproj", "{AF4E3DBB-1249-4EF4-9852-C339E3586749}"
EndProject
Project("{8BC9CEB8-8B4A-11D0-8D11-00A0C91BC942}") = "netsvr", "netsvr\netsvr.vcproj", "{F1C15667-5EEA-4931-9FBC-0BC5C5B7A8CB}"
EndProject
Project("{8BC9CEB8-8B4A-11D0-8D11-00A0C91BC942}") = "appsvr", "appsvr\appsvr.vcproj", "{ADA2EA74-F87A-4D6A-8DF7-C636BF9650F5}"
EndProject
Project("{8BC9CEB8-8B4A-11D0-8D11-00A0C91BC942}") = "slproject_common", "slproject_common\slproject_common.vcproj", "{E72C6048-EAEE-41BE-843A-55B5D902CA2C}"
EndProject
Project("{8BC9CEB8-8B4A-11D0-8D11-00A0C91BC942}") = "cgi_standin", "cgi_standin\cgi_standin.vcproj", "{A9088A91-9686-43DA-819F-C40FADA01001}"
EndProject
Global
	GlobalSection(SolutionConfigurationPlatforms) = preSolution
		Debug|Win32 = Debug|Win32
		Release|Win32 = Release|Win32
	EndGlobalSection
	GlobalSection(ProjectConfigurationPlatforms) = postSolution
		{AF4E3DBB-1249-4EF4-9852-C339E3586749}.Debug|Win32.ActiveCfg = Debug|Win32
		{AF4E3DBB-1249-4EF4-9852-C339E3586749}.Debug|Win32.Build.0 = Debug|Win32
		{AF4E3DBB-1249-4EF4-9852-C339E3586749}.Release|Win32.ActiveCfg = Release|Win32
		{AF4E3DBB-1249-4EF4-9852-C339E3586749}.Release|Win32.Build.0 = Release|Win32
		{F1C15667-5EEA-4931-9FBC-0BC5C5B7A8CB}.Debug|Win32.ActiveCfg = Debug|Win32
		{F1C15667-5EEA-4931-9FBC-0BC5C5B7A8CB}.Debug|Win32.Build.0 = Debug|Win32
		{F1C15667-5EEA-4931-9FBC-0BC5C5B7A8CB}.Release|Win32.ActiveCfg = Release|Win32
		{F1C15667-5EEA-4931-9FBC-0BC5C5B7A8CB}.Release|Win32.Build.0 = Release|Win32
		{ADA2EA74-F87A-4D6A-8DF7-C636BF9650F5}.Debug|Win32.ActiveCfg = Debug|Win32
		{ADA2EA74-F87A-4D6A-8DF7-C636BF9650F5}.Debug|Win32.Build.0 = Debug|Win32
		{ADA2EA74-F87A-4D6A-8DF7-C636BF9650F5}.Release|Win32.ActiveCfg = Release|Win32
		{ADA2EA74-F87A-4D6A-8DF7-C636BF9650F5}.Release|Win32.Build.0 = Release|Win32
		{E72C6048-EAEE-41BE-843A-55B5D902CA2C}.Debug|Win32.ActiveCfg = Debug|Win32
		{E72C6048-EAEE-41BE-843A-55B5D902CA2C}.Debug|Win32.Build.0 = Debug|Win32
		{E72C6048-EAEE-41BE-843A-55B5D902CA2C}.Release|Win32.ActiveCfg = Release|Win32
		{E72C6048-EAEE-41BE-843A-55B5D902CA2C}.Release|Win32.Build.0 = Release|Win32
		{A9088A91-9686-43DA-819F-C40FADA01001}.Debug|Win32.ActiveCfg = Debug|Win32
		{A9088A91-9686-43DA-819F-C40FADA01001}.Debug|Win32.Build.0 = Debug|Win32
		{A9088A91-9686-43DA-819F-C40FADA01001}.Release|Win32.ActiveCfg = Release|Win32
		{A9088A91-9686-43DA-819F-C40FADA01001}.Release|Win32.Build.0 = Release|Win32
	EndGlobalSection
	GlobalSection(SolutionProperties) = preSolution
		HideSolutionNode = FALSE
	EndGlobalSection
EndGlobal
